
Microsoft Visual Studio Solution File, Format Version 12.00
# Visual Studio Version 17
VisualStudioVersion = 17.0.31903.59
MinimumVisualStudioVersion = 10.0.40219.1
Project("{9A19103F-16F7-4668-BE54-9A1E7A4F7556}") = "EventStorePoC.Domain", "EventStorePoC.Domain\EventStorePoC.Domain.csproj", "{6E35EF0B-7705-4AEF-8C8B-540CF9C21771}"
EndProject
Project("{2150E333-8FDC-42A3-9474-1A3956D46DE8}") = "Shared", "Shared", "{2EC7CACC-1AC6-4FD6-B817-09D5EE71246E}"
EndProject
Project("{9A19103F-16F7-4668-BE54-9A1E7A4F7556}") = "EventStorePoC.Shared.Abstractions", "EventStorePoC.Shared.Abstractions\EventStorePoC.Shared.Abstractions.csproj", "{04E54B83-A20A-41B1-850C-5960C5F81550}"
EndProject
Project("{FAE04EC0-301F-11D3-BF4B-00C04F79EFBC}") = "EventStorePoC.Application", "EventStorePoC.Application\EventStorePoC.Application.csproj", "{B3163BC7-9F7F-47E3-9F59-514643F058CA}"
EndProject
Global
	GlobalSection(SolutionConfigurationPlatforms) = preSolution
		Debug|Any CPU = Debug|Any CPU
		Release|Any CPU = Release|Any CPU
	EndGlobalSection
	GlobalSection(ProjectConfigurationPlatforms) = postSolution
		{6E35EF0B-7705-4AEF-8C8B-540CF9C21771}.Debug|Any CPU.ActiveCfg = Debug|Any CPU
		{6E35EF0B-7705-4AEF-8C8B-540CF9C21771}.Debug|Any CPU.Build.0 = Debug|Any CPU
		{6E35EF0B-7705-4AEF-8C8B-540CF9C21771}.Release|Any CPU.ActiveCfg = Release|Any CPU
		{6E35EF0B-7705-4AEF-8C8B-540CF9C21771}.Release|Any CPU.Build.0 = Release|Any CPU
		{04E54B83-A20A-41B1-850C-5960C5F81550}.Debug|Any CPU.ActiveCfg = Debug|Any CPU
		{04E54B83-A20A-41B1-850C-5960C5F81550}.Debug|Any CPU.Build.0 = Debug|Any CPU
		{04E54B83-A20A-41B1-850C-5960C5F81550}.Release|Any CPU.ActiveCfg = Release|Any CPU
		{04E54B83-A20A-41B1-850C-5960C5F81550}.Release|Any CPU.Build.0 = Release|Any CPU
		{B3163BC7-9F7F-47E3-9F59-514643F058CA}.Debug|Any CPU.ActiveCfg = Debug|Any CPU
		{B3163BC7-9F7F-47E3-9F59-514643F058CA}.Debug|Any CPU.Build.0 = Debug|Any CPU
		{B3163BC7-9F7F-47E3-9F59-514643F058CA}.Release|Any CPU.ActiveCfg = Release|Any CPU
		{B3163BC7-9F7F-47E3-9F59-514643F058CA}.Release|Any CPU.Build.0 = Release|Any CPU
	EndGlobalSection
	GlobalSection(SolutionProperties) = preSolution
		HideSolutionNode = FALSE
	EndGlobalSection
	GlobalSection(NestedProjects) = preSolution
		{04E54B83-A20A-41B1-850C-5960C5F81550} = {2EC7CACC-1AC6-4FD6-B817-09D5EE71246E}
	EndGlobalSection
	GlobalSection(ExtensibilityGlobals) = postSolution
		SolutionGuid = {4A57C2BD-035A-439C-B904-F52C621710D2}
	EndGlobalSection
EndGlobal
